
Microsoft Visual Studio Solution File, Format Version 12.00
# Visual Studio Version 16
VisualStudioVersion = 16.0.31205.134
MinimumVisualStudioVersion = 10.0.40219.1
Project("{FAE04EC0-301F-11D3-BF4B-00C04F79EFBC}") = "HealthCare.Web", "HealthCare.Web\HealthCare.Web.csproj", "{357BF8B5-2050-4984-89D5-E3EE059E3C3F}"
EndProject
Global
	GlobalSection(SolutionConfigurationPlatforms) = preSolution
		Debug|Any CPU = Debug|Any CPU
		Release|Any CPU = Release|Any CPU
	EndGlobalSection
	GlobalSection(ProjectConfigurationPlatforms) = postSolution
		{357BF8B5-2050-4984-89D5-E3EE059E3C3F}.Debug|Any CPU.ActiveCfg = Debug|Any CPU
		{357BF8B5-2050-4984-89D5-E3EE059E3C3F}.Debug|Any CPU.Build.0 = Debug|Any CPU
		{357BF8B5-2050-4984-89D5-E3EE059E3C3F}.Release|Any CPU.ActiveCfg = Release|Any CPU
		{357BF8B5-2050-4984-89D5-E3EE059E3C3F}.Release|Any CPU.Build.0 = Release|Any CPU
	EndGlobalSection
	GlobalSection(SolutionProperties) = preSolution
		HideSolutionNode = FALSE
	EndGlobalSection
	GlobalSection(ExtensibilityGlobals) = postSolution
		SolutionGuid = {0706E0D1-447D-4DA1-B214-6252F834A796}
	EndGlobalSection
EndGlobal
